
Microsoft Visual Studio Solution File, Format Version 11.00
# Visual Studio 2010
Project("{FAE04EC0-301F-11D3-BF4B-00C04F79EFBC}") = "NrdoInstall", "NrdoInstall.csproj", "{33E419AA-FE07-43DD-A0E8-99FC23AFDD01}"
EndProject
Project("{FAE04EC0-301F-11D3-BF4B-00C04F79EFBC}") = "CacheExtractor", "CacheExtractor\CacheExtractor.csproj", "{7C9E922E-48F9-40AF-A881-6CC473DAE972}"
EndProject
Project("{FAE04EC0-301F-11D3-BF4B-00C04F79EFBC}") = "NrdoExtract", "NrdoExtract\NrdoExtract.csproj", "{EA307D00-94EF-454D-87D8-6ADE6CF9B29E}"
EndProject
Global
	GlobalSection(SolutionConfigurationPlatforms) = preSolution
		Debug|Any CPU = Debug|Any CPU
		Debug|Mixed Platforms = Debug|Mixed Platforms
		Debug|x86 = Debug|x86
		Release|Any CPU = Release|Any CPU
		Release|Mixed Platforms = Release|Mixed Platforms
		Release|x86 = Release|x86
	EndGlobalSection
	GlobalSection(ProjectConfigurationPlatforms) = postSolution
		{33E419AA-FE07-43DD-A0E8-99FC23AFDD01}.Debug|Any CPU.ActiveCfg = Debug|Any CPU
		{33E419AA-FE07-43DD-A0E8-99FC23AFDD01}.Debug|Any CPU.Build.0 = Debug|Any CPU
		{33E419AA-FE07-43DD-A0E8-99FC23AFDD01}.Debug|Mixed Platforms.ActiveCfg = Debug|Any CPU
		{33E419AA-FE07-43DD-A0E8-99FC23AFDD01}.Debug|Mixed Platforms.Build.0 = Debug|Any CPU
		{33E419AA-FE07-43DD-A0E8-99FC23AFDD01}.Debug|x86.ActiveCfg = Debug|Any CPU
		{33E419AA-FE07-43DD-A0E8-99FC23AFDD01}.Release|Any CPU.ActiveCfg = Release|Any CPU
		{33E419AA-FE07-43DD-A0E8-99FC23AFDD01}.Release|Any CPU.Build.0 = Release|Any CPU
		{33E419AA-FE07-43DD-A0E8-99FC23AFDD01}.Release|Mixed Platforms.ActiveCfg = Release|Any CPU
		{33E419AA-FE07-43DD-A0E8-99FC23AFDD01}.Release|Mixed Platforms.Build.0 = Release|Any CPU
		{33E419AA-FE07-43DD-A0E8-99FC23AFDD01}.Release|x86.ActiveCfg = Release|Any CPU
		{7C9E922E-48F9-40AF-A881-6CC473DAE972}.Debug|Any CPU.ActiveCfg = Debug|x86
		{7C9E922E-48F9-40AF-A881-6CC473DAE972}.Debug|Mixed Platforms.ActiveCfg = Debug|x86
		{7C9E922E-48F9-40AF-A881-6CC473DAE972}.Debug|Mixed Platforms.Build.0 = Debug|x86
		{7C9E922E-48F9-40AF-A881-6CC473DAE972}.Debug|x86.ActiveCfg = Debug|x86
		{7C9E922E-48F9-40AF-A881-6CC473DAE972}.Debug|x86.Build.0 = Debug|x86
		{7C9E922E-48F9-40AF-A881-6CC473DAE972}.Release|Any CPU.ActiveCfg = Release|x86
		{7C9E922E-48F9-40AF-A881-6CC473DAE972}.Release|Mixed Platforms.ActiveCfg = Release|x86
		{7C9E922E-48F9-40AF-A881-6CC473DAE972}.Release|Mixed Platforms.Build.0 = Release|x86
		{7C9E922E-48F9-40AF-A881-6CC473DAE972}.Release|x86.ActiveCfg = Release|x86
		{7C9E922E-48F9-40AF-A881-6CC473DAE972}.Release|x86.Build.0 = Release|x86
		{EA307D00-94EF-454D-87D8-6ADE6CF9B29E}.Debug|Any CPU.ActiveCfg = Debug|Any CPU
		{EA307D00-94EF-454D-87D8-6ADE6CF9B29E}.Debug|Any CPU.Build.0 = Debug|Any CPU
		{EA307D00-94EF-454D-87D8-6ADE6CF9B29E}.Debug|Mixed Platforms.ActiveCfg = Debug|Any CPU
		{EA307D00-94EF-454D-87D8-6ADE6CF9B29E}.Debug|Mixed Platforms.Build.0 = Debug|Any CPU
		{EA307D00-94EF-454D-87D8-6ADE6CF9B29E}.Debug|x86.ActiveCfg = Debug|Any CPU
		{EA307D00-94EF-454D-87D8-6ADE6CF9B29E}.Release|Any CPU.ActiveCfg = Release|Any CPU
		{EA307D00-94EF-454D-87D8-6ADE6CF9B29E}.Release|Any CPU.Build.0 = Release|Any CPU
		{EA307D00-94EF-454D-87D8-6ADE6CF9B29E}.Release|Mixed Platforms.ActiveCfg = Release|Any CPU
		{EA307D00-94EF-454D-87D8-6ADE6CF9B29E}.Release|Mixed Platforms.Build.0 = Release|Any CPU
		{EA307D00-94EF-454D-87D8-6ADE6CF9B29E}.Release|x86.ActiveCfg = Release|Any CPU
	EndGlobalSection
	GlobalSection(SolutionProperties) = preSolution
		HideSolutionNode = FALSE
	EndGlobalSection
EndGlobal
